
Microsoft Visual Studio Solution File, Format Version 12.00
# Visual Studio 15
VisualStudioVersion = 15.0.28307.902
MinimumVisualStudioVersion = 10.0.40219.1
Project("{FAE04EC0-301F-11D3-BF4B-00C04F79EFBC}") = "取10组数最小的", "取10组数最小的\取10组数最小的.csproj", "{68B168DE-2053-4CC7-9889-24100A5B2CA9}"
EndProject
Global
	GlobalSection(SolutionConfigurationPlatforms) = preSolution
		Debug|Any CPU = Debug|Any CPU
		Release|Any CPU = Release|Any CPU
	EndGlobalSection
	GlobalSection(ProjectConfigurationPlatforms) = postSolution
		{68B168DE-2053-4CC7-9889-24100A5B2CA9}.Debug|Any CPU.ActiveCfg = Debug|Any CPU
		{68B168DE-2053-4CC7-9889-24100A5B2CA9}.Debug|Any CPU.Build.0 = Debug|Any CPU
		{68B168DE-2053-4CC7-9889-24100A5B2CA9}.Release|Any CPU.ActiveCfg = Release|Any CPU
		{68B168DE-2053-4CC7-9889-24100A5B2CA9}.Release|Any CPU.Build.0 = Release|Any CPU
	EndGlobalSection
	GlobalSection(SolutionProperties) = preSolution
		HideSolutionNode = FALSE
	EndGlobalSection
	GlobalSection(ExtensibilityGlobals) = postSolution
		SolutionGuid = {0A0CE343-9B34-457B-8E9E-78AE9929851A}
	EndGlobalSection
EndGlobal
